
Microsoft Visual Studio Solution File, Format Version 12.00
Project("{FAE04EC0-301F-11D3-BF4B-00C04F79EFBC}") = "Email_Client", "Email_Client\Email_Client.csproj", "{351622AB-8230-4F78-B9F9-730A2C8044DC}"
EndProject
Global
	GlobalSection(SolutionConfigurationPlatforms) = preSolution
		Debug|Any CPU = Debug|Any CPU
		Release|Any CPU = Release|Any CPU
	EndGlobalSection
	GlobalSection(ProjectConfigurationPlatforms) = postSolution
		{351622AB-8230-4F78-B9F9-730A2C8044DC}.Debug|Any CPU.ActiveCfg = Debug|Any CPU
		{351622AB-8230-4F78-B9F9-730A2C8044DC}.Debug|Any CPU.Build.0 = Debug|Any CPU
		{351622AB-8230-4F78-B9F9-730A2C8044DC}.Release|Any CPU.ActiveCfg = Release|Any CPU
		{351622AB-8230-4F78-B9F9-730A2C8044DC}.Release|Any CPU.Build.0 = Release|Any CPU
	EndGlobalSection
EndGlobal
